
Microsoft Visual Studio Solution File, Format Version 12.00
# Visual Studio 14
VisualStudioVersion = 14.0.25420.1
MinimumVisualStudioVersion = 10.0.40219.1
Project("{8BC9CEB8-8B4A-11D0-8D11-00A0C91BC942}") = "Week 02 - SFML Shapes", "Week 2 - SFML Shapes\Week 2 - SFML Shapes.vcxproj", "{841DF770-22DB-48FD-9BF3-052C3B13B55B}"
EndProject
Global
	GlobalSection(SolutionConfigurationPlatforms) = preSolution
		Debug|x64 = Debug|x64
		Debug|x86 = Debug|x86
		Release|x64 = Release|x64
		Release|x86 = Release|x86
	EndGlobalSection
	GlobalSection(ProjectConfigurationPlatforms) = postSolution
		{841DF770-22DB-48FD-9BF3-052C3B13B55B}.Debug|x64.ActiveCfg = Debug|x64
		{841DF770-22DB-48FD-9BF3-052C3B13B55B}.Debug|x64.Build.0 = Debug|x64
		{841DF770-22DB-48FD-9BF3-052C3B13B55B}.Debug|x86.ActiveCfg = Debug|Win32
		{841DF770-22DB-48FD-9BF3-052C3B13B55B}.Debug|x86.Build.0 = Debug|Win32
		{841DF770-22DB-48FD-9BF3-052C3B13B55B}.Release|x64.ActiveCfg = Release|x64
		{841DF770-22DB-48FD-9BF3-052C3B13B55B}.Release|x64.Build.0 = Release|x64
		{841DF770-22DB-48FD-9BF3-052C3B13B55B}.Release|x86.ActiveCfg = Release|Win32
		{841DF770-22DB-48FD-9BF3-052C3B13B55B}.Release|x86.Build.0 = Release|Win32
	EndGlobalSection
	GlobalSection(SolutionProperties) = preSolution
		HideSolutionNode = FALSE
	EndGlobalSection
EndGlobal
